
Microsoft Visual Studio Solution File, Format Version 12.00
# Visual Studio 15
VisualStudioVersion = 15.0.27703.2042
MinimumVisualStudioVersion = 10.0.40219.1
Project("{FAE04EC0-301F-11D3-BF4B-00C04F79EFBC}") = "AuthApp", "AuthApp\AuthApp.csproj", "{19E47CE3-0474-484C-8CB9-70688592F777}"
EndProject
Global
	GlobalSection(SolutionConfigurationPlatforms) = preSolution
		Debug|Any CPU = Debug|Any CPU
		Release|Any CPU = Release|Any CPU
	EndGlobalSection
	GlobalSection(ProjectConfigurationPlatforms) = postSolution
		{19E47CE3-0474-484C-8CB9-70688592F777}.Debug|Any CPU.ActiveCfg = Debug|Any CPU
		{19E47CE3-0474-484C-8CB9-70688592F777}.Debug|Any CPU.Build.0 = Debug|Any CPU
		{19E47CE3-0474-484C-8CB9-70688592F777}.Release|Any CPU.ActiveCfg = Release|Any CPU
		{19E47CE3-0474-484C-8CB9-70688592F777}.Release|Any CPU.Build.0 = Release|Any CPU
	EndGlobalSection
	GlobalSection(SolutionProperties) = preSolution
		HideSolutionNode = FALSE
	EndGlobalSection
	GlobalSection(ExtensibilityGlobals) = postSolution
		SolutionGuid = {DC8A6C76-8431-4012-B31E-8AE15DA605C2}
	EndGlobalSection
EndGlobal
